
Microsoft Visual Studio Solution File, Format Version 12.00
# Visual Studio 15
VisualStudioVersion = 15.0.28010.0
MinimumVisualStudioVersion = 10.0.40219.1
Project("{FAE04EC0-301F-11D3-BF4B-00C04F79EFBC}") = "SamsClub", "SamsClub\SamsClub.csproj", "{02235B02-53FE-4FAF-842D-053021556803}"
EndProject
Global
	GlobalSection(SolutionConfigurationPlatforms) = preSolution
		Debug|Any CPU = Debug|Any CPU
		Release|Any CPU = Release|Any CPU
	EndGlobalSection
	GlobalSection(ProjectConfigurationPlatforms) = postSolution
		{02235B02-53FE-4FAF-842D-053021556803}.Debug|Any CPU.ActiveCfg = Debug|Any CPU
		{02235B02-53FE-4FAF-842D-053021556803}.Debug|Any CPU.Build.0 = Debug|Any CPU
		{02235B02-53FE-4FAF-842D-053021556803}.Release|Any CPU.ActiveCfg = Release|Any CPU
		{02235B02-53FE-4FAF-842D-053021556803}.Release|Any CPU.Build.0 = Release|Any CPU
	EndGlobalSection
	GlobalSection(SolutionProperties) = preSolution
		HideSolutionNode = FALSE
	EndGlobalSection
	GlobalSection(ExtensibilityGlobals) = postSolution
		SolutionGuid = {1AE9CED1-BC31-4D61-8C17-A13BD9BC7F11}
	EndGlobalSection
EndGlobal
